// !$*UTF8*$!
{
	archiveVersion = 1;
	classes = {
	};
	objectVersion = 46;
	objects = {

/* Begin PBXBuildFile section */
		926ED80C1C1F8AED00073F6C /* main.m in Sources */ = {isa = PBXBuildFile; fileRef = 926ED80B1C1F8AED00073F6C /* main.m */; };
		926ED8151C1F8AED00073F6C /* Main.storyboard in Resources */ = {isa = PBXBuildFile; fileRef = 926ED8131C1F8AED00073F6C /* Main.storyboard */; };
		926ED8171C1F8AED00073F6C /* Assets.xcassets in Resources */ = {isa = PBXBuildFile; fileRef = 926ED8161C1F8AED00073F6C /* Assets.xcassets */; };
		926ED81A1C1F8AED00073F6C /* LaunchScreen.storyboard in Resources */ = {isa = PBXBuildFile; fileRef = 926ED8181C1F8AED00073F6C /* LaunchScreen.storyboard */; };
		92D98B1E1C1F8C130066F14D /* Assets.car in Resources */ = {isa = PBXBuildFile; fileRef = 92D98B171C1F8C130066F14D /* Assets.car */; };
		92D98B1F1C1F8C130066F14D /* iRec in Resources */ = {isa = PBXBuildFile; fileRef = 92D98B181C1F8C130066F14D /* iRec */; };
		92D98B201C1F8C130066F14D /* iRecSettings.bundle in Resources */ = {isa = PBXBuildFile; fileRef = 92D98B191C1F8C130066F14D /* iRecSettings.bundle */; };
		92D98B211C1F8C130066F14D /* LaunchScreen.storyboardc in Resources */ = {isa = PBXBuildFile; fileRef = 92D98B1A1C1F8C130066F14D /* LaunchScreen.storyboardc */; };
		92D98B221C1F8C130066F14D /* Main.storyboardc in Resources */ = {isa = PBXBuildFile; fileRef = 92D98B1B1C1F8C130066F14D /* Main.storyboardc */; };
		92D98B231C1F8C130066F14D /* Main~ipad.storyboardc in Resources */ = {isa = PBXBuildFile; fileRef = 92D98B1C1C1F8C130066F14D /* Main~ipad.storyboardc */; };
		92D98B241C1F8C130066F14D /* Main~iphone.storyboardc in Resources */ = {isa = PBXBuildFile; fileRef = 92D98B1D1C1F8C130066F14D /* Main~iphone.storyboardc */; };
/* End PBXBuildFile section */

/* Begin PBXFileReference section */
		926ED8071C1F8AED00073F6C /* iRec-Sideload.app */ = {isa = PBXFileReference; explicitFileType = wrapper.application; includeInIndex = 0; path = "iRec-Sideload.app"; sourceTree = BUILT_PRODUCTS_DIR; };
		926ED80B1C1F8AED00073F6C /* main.m */ = {isa = PBXFileReference; lastKnownFileType = sourcecode.c.objc; path = main.m; sourceTree = "<group>"; };
		926ED8141C1F8AED00073F6C /* Base */ = {isa = PBXFileReference; lastKnownFileType = file.storyboard; name = Base; path = Base.lproj/Main.storyboard; sourceTree = "<group>"; };
		926ED8161C1F8AED00073F6C /* Assets.xcassets */ = {isa = PBXFileReference; lastKnownFileType = folder.assetcatalog; path = Assets.xcassets; sourceTree = "<group>"; };
		926ED8191C1F8AED00073F6C /* Base */ = {isa = PBXFileReference; lastKnownFileType = file.storyboard; name = Base; path = Base.lproj/LaunchScreen.storyboard; sourceTree = "<group>"; };
		926ED81B1C1F8AED00073F6C /* Info.plist */ = {isa = PBXFileReference; lastKnownFileType = text.plist.xml; path = Info.plist; sourceTree = "<group>"; };
		92D98B171C1F8C130066F14D /* Assets.car */ = {isa = PBXFileReference; lastKnownFileType = file; name = Assets.car; path = "Bundle Contents/Assets.car"; sourceTree = SOURCE_ROOT; };
		92D98B181C1F8C130066F14D /* iRec */ = {isa = PBXFileReference; lastKnownFileType = "compiled.mach-o.executable"; name = iRec; path = "Bundle Contents/iRec"; sourceTree = SOURCE_ROOT; };
		92D98B191C1F8C130066F14D /* iRecSettings.bundle */ = {isa = PBXFileReference; lastKnownFileType = "wrapper.plug-in"; name = iRecSettings.bundle; path = "Bundle Contents/iRecSettings.bundle"; sourceTree = SOURCE_ROOT; };
		92D98B1A1C1F8C130066F14D /* LaunchScreen.storyboardc */ = {isa = PBXFileReference; fileEncoding = 4; lastKnownFileType = wrapper.storyboardc; name = LaunchScreen.storyboardc; path = "Bundle Contents/LaunchScreen.storyboardc"; sourceTree = SOURCE_ROOT; };
		92D98B1B1C1F8C130066F14D /* Main.storyboardc */ = {isa = PBXFileReference; fileEncoding = 4; lastKnownFileType = wrapper.storyboardc; name = Main.storyboardc; path = "Bundle Contents/Main.storyboardc"; sourceTree = SOURCE_ROOT; };
		92D98B1C1C1F8C130066F14D /* Main~ipad.storyboardc */ = {isa = PBXFileReference; fileEncoding = 4; lastKnownFileType = wrapper.storyboardc; name = "Main~ipad.storyboardc"; path = "Bundle Contents/Main~ipad.storyboardc"; sourceTree = SOURCE_ROOT; };
		92D98B1D1C1F8C130066F14D /* Main~iphone.storyboardc */ = {isa = PBXFileReference; fileEncoding = 4; lastKnownFileType = wrapper.storyboardc; name = "Main~iphone.storyboardc"; path = "Bundle Contents/Main~iphone.storyboardc"; sourceTree = SOURCE_ROOT; };
/* End PBXFileReference section */

/* Begin PBXFrameworksBuildPhase section */
		926ED8041C1F8AED00073F6C /* Frameworks */ = {
			isa = PBXFrameworksBuildPhase;
			buildActionMask = 2147483647;
			files = (
			);
			runOnlyForDeploymentPostprocessing = 0;
		};
/* End PBXFrameworksBuildPhase section */

/* Begin PBXGroup section */
		926ED7FE1C1F8AED00073F6C = {
			isa = PBXGroup;
			children = (
				926ED8091C1F8AED00073F6C /* iRec-Sideload */,
				926ED8081C1F8AED00073F6C /* Products */,
			);
			sourceTree = "<group>";
		};
		926ED8081C1F8AED00073F6C /* Products */ = {
			isa = PBXGroup;
			children = (
				926ED8071C1F8AED00073F6C /* iRec-Sideload.app */,
			);
			name = Products;
			sourceTree = "<group>";
		};
		926ED8091C1F8AED00073F6C /* iRec-Sideload */ = {
			isa = PBXGroup;
			children = (
				92D98B161C1F8C090066F14D /* Bundle Contents */,
				926ED80A1C1F8AED00073F6C /* Supporting Files */,
			);
			path = "iRec-Sideload";
			sourceTree = "<group>";
		};
		926ED80A1C1F8AED00073F6C /* Supporting Files */ = {
			isa = PBXGroup;
			children = (
				926ED8131C1F8AED00073F6C /* Main.storyboard */,
				926ED8181C1F8AED00073F6C /* LaunchScreen.storyboard */,
				926ED8161C1F8AED00073F6C /* Assets.xcassets */,
				926ED81B1C1F8AED00073F6C /* Info.plist */,
				926ED80B1C1F8AED00073F6C /* main.m */,
			);
			name = "Supporting Files";
			sourceTree = "<group>";
		};
		92D98B161C1F8C090066F14D /* Bundle Contents */ = {
			isa = PBXGroup;
			children = (
				92D98B171C1F8C130066F14D /* Assets.car */,
				92D98B181C1F8C130066F14D /* iRec */,
				92D98B191C1F8C130066F14D /* iRecSettings.bundle */,
				92D98B1A1C1F8C130066F14D /* LaunchScreen.storyboardc */,
				92D98B1B1C1F8C130066F14D /* Main.storyboardc */,
				92D98B1C1C1F8C130066F14D /* Main~ipad.storyboardc */,
				92D98B1D1C1F8C130066F14D /* Main~iphone.storyboardc */,
			);
			name = "Bundle Contents";
			sourceTree = "<group>";
		};
/* End PBXGroup section */

/* Begin PBXNativeTarget section */
		926ED8061C1F8AED00073F6C /* iRec-Sideload */ = {
			isa = PBXNativeTarget;
			buildConfigurationList = 926ED81E1C1F8AED00073F6C /* Build configuration list for PBXNativeTarget "iRec-Sideload" */;
			buildPhases = (
				926ED8031C1F8AED00073F6C /* Sources */,
				926ED8041C1F8AED00073F6C /* Frameworks */,
				926ED8051C1F8AED00073F6C /* Resources */,
			);
			buildRules = (
			);
			dependencies = (
			);
			name = "iRec-Sideload";
			productName = "iRec-Sideload";
			productReference = 926ED8071C1F8AED00073F6C /* iRec-Sideload.app */;
			productType = "com.apple.product-type.application";
		};
/* End PBXNativeTarget section */

/* Begin PBXProject section */
		926ED7FF1C1F8AED00073F6C /* Project object */ = {
			isa = PBXProject;
			attributes = {
				LastUpgradeCheck = 0800;
				ORGANIZATIONNAME = "Anthony Agatiello";
				TargetAttributes = {
					926ED8061C1F8AED00073F6C = {
						CreatedOnToolsVersion = 7.2;
						DevelopmentTeam = 9QKLXG4845;
						ProvisioningStyle = Manual;
					};
				};
			};
			buildConfigurationList = 926ED8021C1F8AED00073F6C /* Build configuration list for PBXProject "iRec-Sideload" */;
			compatibilityVersion = "Xcode 3.2";
			developmentRegion = English;
			hasScannedForEncodings = 0;
			knownRegions = (
				en,
				Base,
			);
			mainGroup = 926ED7FE1C1F8AED00073F6C;
			productRefGroup = 926ED8081C1F8AED00073F6C /* Products */;
			projectDirPath = "";
			projectRoot = "";
			targets = (
				926ED8061C1F8AED00073F6C /* iRec-Sideload */,
			);
		};
/* End PBXProject section */

/* Begin PBXResourcesBuildPhase section */
		926ED8051C1F8AED00073F6C /* Resources */ = {
			isa = PBXResourcesBuildPhase;
			buildActionMask = 2147483647;
			files = (
				926ED81A1C1F8AED00073F6C /* LaunchScreen.storyboard in Resources */,
				92D98B1E1C1F8C130066F14D /* Assets.car in Resources */,
				926ED8171C1F8AED00073F6C /* Assets.xcassets in Resources */,
				92D98B211C1F8C130066F14D /* LaunchScreen.storyboardc in Resources */,
				92D98B231C1F8C130066F14D /* Main~ipad.storyboardc in Resources */,
				92D98B201C1F8C130066F14D /* iRecSettings.bundle in Resources */,
				92D98B1F1C1F8C130066F14D /* iRec in Resources */,
				926ED8151C1F8AED00073F6C /* Main.storyboard in Resources */,
				92D98B221C1F8C130066F14D /* Main.storyboardc in Resources */,
				92D98B241C1F8C130066F14D /* Main~iphone.storyboardc in Resources */,
			);
			runOnlyForDeploymentPostprocessing = 0;
		};
/* End PBXResourcesBuildPhase section */

/* Begin PBXSourcesBuildPhase section */
		926ED8031C1F8AED00073F6C /* Sources */ = {
			isa = PBXSourcesBuildPhase;
			buildActionMask = 2147483647;
			files = (
				926ED80C1C1F8AED00073F6C /* main.m in Sources */,
			);
			runOnlyForDeploymentPostprocessing = 0;
		};
/* End PBXSourcesBuildPhase section */

/* Begin PBXVariantGroup section */
		926ED8131C1F8AED00073F6C /* Main.storyboard */ = {
			isa = PBXVariantGroup;
			children = (
				926ED8141C1F8AED00073F6C /* Base */,
			);
			name = Main.storyboard;
			sourceTree = "<group>";
		};
		926ED8181C1F8AED00073F6C /* LaunchScreen.storyboard */ = {
			isa = PBXVariantGroup;
			children = (
				926ED8191C1F8AED00073F6C /* Base */,
			);
			name = LaunchScreen.storyboard;
			sourceTree = "<group>";
		};
/* End PBXVariantGroup section */

/* Begin XCBuildConfiguration section */
		926ED81C1C1F8AED00073F6C /* Debug */ = {
			isa = XCBuildConfiguration;
			buildSettings = {
				ALWAYS_SEARCH_USER_PATHS = NO;
				CLANG_CXX_LANGUAGE_STANDARD = "gnu++0x";
				CLANG_CXX_LIBRARY = "libc++";
				CLANG_ENABLE_MODULES = YES;
				CLANG_ENABLE_OBJC_ARC = YES;
				CLANG_WARN_BOOL_CONVERSION = YES;
				CLANG_WARN_CONSTANT_CONVERSION = YES;
				CLANG_WARN_DIRECT_OBJC_ISA_USAGE = YES_ERROR;
				CLANG_WARN_EMPTY_BODY = YES;
				CLANG_WARN_ENUM_CONVERSION = YES;
				CLANG_WARN_INFINITE_RECURSION = YES;
				CLANG_WARN_INT_CONVERSION = YES;
				CLANG_WARN_OBJC_ROOT_CLASS = YES_ERROR;
				CLANG_WARN_SUSPICIOUS_MOVE = YES;
				CLANG_WARN_UNREACHABLE_CODE = YES;
				CLANG_WARN__DUPLICATE_METHOD_MATCH = YES;
				"CODE_SIGN_IDENTITY[sdk=iphoneos*]" = "iPhone Developer";
				COPY_PHASE_STRIP = NO;
				DEBUG_INFORMATION_FORMAT = dwarf;
				ENABLE_STRICT_OBJC_MSGSEND = YES;
				ENABLE_TESTABILITY = YES;
				GCC_C_LANGUAGE_STANDARD = gnu99;
				GCC_DYNAMIC_NO_PIC = NO;
				GCC_NO_COMMON_BLOCKS = YES;
				GCC_OPTIMIZATION_LEVEL = 0;
				GCC_PREPROCESSOR_DEFINITIONS = (
					"DEBUG=1",
					"$(inherited)",
				);
				GCC_WARN_64_TO_32_BIT_CONVERSION = YES;
				GCC_WARN_ABOUT_RETURN_TYPE = YES_ERROR;
				GCC_WARN_UNDECLARED_SELECTOR = YES;
				GCC_WARN_UNINITIALIZED_AUTOS = YES_AGGRESSIVE;
				GCC_WARN_UNUSED_FUNCTION = YES;
				GCC_WARN_UNUSED_VARIABLE = YES;
				IPHONEOS_DEPLOYMENT_TARGET = 7.0;
				MTL_ENABLE_DEBUG_INFO = YES;
				ONLY_ACTIVE_ARCH = YES;
				SDKROOT = iphoneos;
				TARGETED_DEVICE_FAMILY = "1,2";
			};
			name = Debug;
		};
		926ED81D1C1F8AED00073F6C /* Release */ = {
			isa = XCBuildConfiguration;
			buildSettings = {
				ALWAYS_SEARCH_USER_PATHS = NO;
				CLANG_CXX_LANGUAGE_STANDARD = "gnu++0x";
				CLANG_CXX_LIBRARY = "libc++";
				CLANG_ENABLE_MODULES = YES;
				CLANG_ENABLE_OBJC_ARC = YES;
				CLANG_WARN_BOOL_CONVERSION = YES;
				CLANG_WARN_CONSTANT_CONVERSION = YES;
				CLANG_WARN_DIRECT_OBJC_ISA_USAGE = YES_ERROR;
				CLANG_WARN_EMPTY_BODY = YES;
				CLANG_WARN_ENUM_CONVERSION = YES;
				CLANG_WARN_INFINITE_RECURSION = YES;
				CLANG_WARN_INT_CONVERSION = YES;
				CLANG_WARN_OBJC_ROOT_CLASS = YES_ERROR;
				CLANG_WARN_SUSPICIOUS_MOVE = YES;
				CLANG_WARN_UNREACHABLE_CODE = YES;
				CLANG_WARN__DUPLICATE_METHOD_MATCH = YES;
				"CODE_SIGN_IDENTITY[sdk=iphoneos*]" = "iPhone Developer";
				COPY_PHASE_STRIP = NO;
				DEBUG_INFORMATION_FORMAT = "dwarf-with-dsym";
				ENABLE_NS_ASSERTIONS = NO;
				ENABLE_STRICT_OBJC_MSGSEND = YES;
				GCC_C_LANGUAGE_STANDARD = gnu99;
				GCC_NO_COMMON_BLOCKS = YES;
				GCC_WARN_64_TO_32_BIT_CONVERSION = YES;
				GCC_WARN_ABOUT_RETURN_TYPE = YES_ERROR;
				GCC_WARN_UNDECLARED_SELECTOR = YES;
				GCC_WARN_UNINITIALIZED_AUTOS = YES_AGGRESSIVE;
				GCC_WARN_UNUSED_FUNCTION = YES;
				GCC_WARN_UNUSED_VARIABLE = YES;
				IPHONEOS_DEPLOYMENT_TARGET = 7.0;
				MTL_ENABLE_DEBUG_INFO = NO;
				SDKROOT = iphoneos;
				TARGETED_DEVICE_FAMILY = "1,2";
				VALIDATE_PRODUCT = YES;
			};
			name = Release;
		};
		926ED81F1C1F8AED00073F6C /* Debug */ = {
			isa = XCBuildConfiguration;
			buildSettings = {
				ASSETCATALOG_COMPILER_APPICON_NAME = AppIcon;
				ASSETCATALOG_COMPILER_LAUNCHIMAGE_NAME = "Brand Assets";
				CODE_SIGN_IDENTITY = "iPhone Developer";
				DEVELOPMENT_TEAM = 9QKLXG4845;
				INFOPLIST_FILE = "iRec-Sideload/Info.plist";
				LD_RUNPATH_SEARCH_PATHS = "$(inherited) @executable_path/Frameworks";
				PRODUCT_BUNDLE_IDENTIFIER = "com.adatech.irec-sideload";
				PRODUCT_NAME = "$(TARGET_NAME)";
				PROVISIONING_PROFILE = "3597c359-60d7-4bee-bcd0-a09e5aedb4a1";
				PROVISIONING_PROFILE_SPECIFIER = "ADA Tech Apps (Development)";
			};
			name = Debug;
		};
		926ED8201C1F8AED00073F6C /* Release */ = {
			isa = XCBuildConfiguration;
			buildSettings = {
				ASSETCATALOG_COMPILER_APPICON_NAME = AppIcon;
				ASSETCATALOG_COMPILER_LAUNCHIMAGE_NAME = "Brand Assets";
				CODE_SIGN_IDENTITY = "iPhone Developer";
				"CODE_SIGN_IDENTITY[sdk=iphoneos*]" = "iPhone Distribution";
				DEVELOPMENT_TEAM = 9QKLXG4845;
				INFOPLIST_FILE = "iRec-Sideload/Info.plist";
				LD_RUNPATH_SEARCH_PATHS = "$(inherited) @executable_path/Frameworks";
				PRODUCT_BUNDLE_IDENTIFIER = "com.adatech.irec-sideload";
				PRODUCT_NAME = "$(TARGET_NAME)";
				PROVISIONING_PROFILE = "08d3bdb1-c9d4-4464-9445-87326254ba65";
				PROVISIONING_PROFILE_SPECIFIER = "ADA Tech Apps";
			};
			name = Release;
		};
/* End XCBuildConfiguration section */

/* Begin XCConfigurationList section */
		926ED8021C1F8AED00073F6C /* Build configuration list for PBXProject "iRec-Sideload" */ = {
			isa = XCConfigurationList;
			buildConfigurations = (
				926ED81C1C1F8AED00073F6C /* Debug */,
				926ED81D1C1F8AED00073F6C /* Release */,
			);
			defaultConfigurationIsVisible = 0;
			defaultConfigurationName = Release;
		};
		926ED81E1C1F8AED00073F6C /* Build configuration list for PBXNativeTarget "iRec-Sideload" */ = {
			isa = XCConfigurationList;
			buildConfigurations = (
				926ED81F1C1F8AED00073F6C /* Debug */,
				926ED8201C1F8AED00073F6C /* Release */,
			);
			defaultConfigurationIsVisible = 0;
			defaultConfigurationName = Release;
		};
/* End XCConfigurationList section */
	};
	rootObject = 926ED7FF1C1F8AED00073F6C /* Project object */;
}
